
Microsoft Visual Studio Solution File, Format Version 12.00
# Visual Studio 15
VisualStudioVersion = 15.0.28307.757
MinimumVisualStudioVersion = 10.0.40219.1
Project("{FAE04EC0-301F-11D3-BF4B-00C04F79EFBC}") = "NOTSpaces", "NOTSpaces\NOTSpaces.csproj", "{E43C0F76-216E-416B-8F5C-EE6CAB03EC9A}"
EndProject
Global
	GlobalSection(SolutionConfigurationPlatforms) = preSolution
		Debug|Any CPU = Debug|Any CPU
		Release|Any CPU = Release|Any CPU
	EndGlobalSection
	GlobalSection(ProjectConfigurationPlatforms) = postSolution
		{E43C0F76-216E-416B-8F5C-EE6CAB03EC9A}.Debug|Any CPU.ActiveCfg = Debug|Any CPU
		{E43C0F76-216E-416B-8F5C-EE6CAB03EC9A}.Debug|Any CPU.Build.0 = Debug|Any CPU
		{E43C0F76-216E-416B-8F5C-EE6CAB03EC9A}.Release|Any CPU.ActiveCfg = Release|Any CPU
		{E43C0F76-216E-416B-8F5C-EE6CAB03EC9A}.Release|Any CPU.Build.0 = Release|Any CPU
	EndGlobalSection
	GlobalSection(SolutionProperties) = preSolution
		HideSolutionNode = FALSE
	EndGlobalSection
	GlobalSection(ExtensibilityGlobals) = postSolution
		SolutionGuid = {9C1C5B91-BDF4-40B6-8A2C-29543249FDEA}
	EndGlobalSection
EndGlobal
